// !$*UTF8*$!
{
	archiveVersion = 1;
	classes = {
	};
	objectVersion = 56;
	objects = {

/* Begin PBXBuildFile section */
		481F0A602BE52A9C002A8605 /* AppDelegate.swift in Sources */ = {isa = PBXBuildFile; fileRef = 481F0A5F2BE52A9C002A8605 /* AppDelegate.swift */; };
		481F0A622BE52A9C002A8605 /* SceneDelegate.swift in Sources */ = {isa = PBXBuildFile; fileRef = 481F0A612BE52A9C002A8605 /* SceneDelegate.swift */; };
		481F0A642BE52A9C002A8605 /* ViewController.swift in Sources */ = {isa = PBXBuildFile; fileRef = 481F0A632BE52A9C002A8605 /* ViewController.swift */; };
		481F0A672BE52A9C002A8605 /* Base in Resources */ = {isa = PBXBuildFile; fileRef = 481F0A662BE52A9C002A8605 /* Base */; };
		481F0A692BE52A9E002A8605 /* Assets.xcassets in Resources */ = {isa = PBXBuildFile; fileRef = 481F0A682BE52A9E002A8605 /* Assets.xcassets */; };
		481F0A6C2BE52A9E002A8605 /* Base in Resources */ = {isa = PBXBuildFile; fileRef = 481F0A6B2BE52A9E002A8605 /* Base */; };
		481F0A752BE52CE7002A8605 /* Alamofire in Frameworks */ = {isa = PBXBuildFile; productRef = 481F0A742BE52CE7002A8605 /* Alamofire */; };
		481F0A772BE52CE7002A8605 /* AlamofireDynamic in Frameworks */ = {isa = PBXBuildFile; productRef = 481F0A762BE52CE7002A8605 /* AlamofireDynamic */; };
		481F0A792BE52D64002A8605 /* NetworkManager.swift in Sources */ = {isa = PBXBuildFile; fileRef = 481F0A782BE52D64002A8605 /* NetworkManager.swift */; };
		48FF7C9A2BE613B500EB4558 /* PostObjectElement.swift in Sources */ = {isa = PBXBuildFile; fileRef = 48FF7C992BE613B400EB4558 /* PostObjectElement.swift */; };
		48FF7C9C2BE69E1600EB4558 /* DetailsViewController.swift in Sources */ = {isa = PBXBuildFile; fileRef = 48FF7C9B2BE69E1600EB4558 /* DetailsViewController.swift */; };
/* End PBXBuildFile section */

/* Begin PBXFileReference section */
		481F0A5C2BE52A9C002A8605 /* DataFetchOptimised.app */ = {isa = PBXFileReference; explicitFileType = wrapper.application; includeInIndex = 0; path = DataFetchOptimised.app; sourceTree = BUILT_PRODUCTS_DIR; };
		481F0A5F2BE52A9C002A8605 /* AppDelegate.swift */ = {isa = PBXFileReference; lastKnownFileType = sourcecode.swift; path = AppDelegate.swift; sourceTree = "<group>"; };
		481F0A612BE52A9C002A8605 /* SceneDelegate.swift */ = {isa = PBXFileReference; lastKnownFileType = sourcecode.swift; path = SceneDelegate.swift; sourceTree = "<group>"; };
		481F0A632BE52A9C002A8605 /* ViewController.swift */ = {isa = PBXFileReference; lastKnownFileType = sourcecode.swift; path = ViewController.swift; sourceTree = "<group>"; };
		481F0A662BE52A9C002A8605 /* Base */ = {isa = PBXFileReference; lastKnownFileType = file.storyboard; name = Base; path = Base.lproj/Main.storyboard; sourceTree = "<group>"; };
		481F0A682BE52A9E002A8605 /* Assets.xcassets */ = {isa = PBXFileReference; lastKnownFileType = folder.assetcatalog; path = Assets.xcassets; sourceTree = "<group>"; };
		481F0A6B2BE52A9E002A8605 /* Base */ = {isa = PBXFileReference; lastKnownFileType = file.storyboard; name = Base; path = Base.lproj/LaunchScreen.storyboard; sourceTree = "<group>"; };
		481F0A6D2BE52A9E002A8605 /* Info.plist */ = {isa = PBXFileReference; lastKnownFileType = text.plist.xml; path = Info.plist; sourceTree = "<group>"; };
		481F0A782BE52D64002A8605 /* NetworkManager.swift */ = {isa = PBXFileReference; lastKnownFileType = sourcecode.swift; path = NetworkManager.swift; sourceTree = "<group>"; };
		48FF7C992BE613B400EB4558 /* PostObjectElement.swift */ = {isa = PBXFileReference; lastKnownFileType = sourcecode.swift; path = PostObjectElement.swift; sourceTree = "<group>"; };
		48FF7C9B2BE69E1600EB4558 /* DetailsViewController.swift */ = {isa = PBXFileReference; lastKnownFileType = sourcecode.swift; path = DetailsViewController.swift; sourceTree = "<group>"; };
/* End PBXFileReference section */

/* Begin PBXFrameworksBuildPhase section */
		481F0A592BE52A9C002A8605 /* Frameworks */ = {
			isa = PBXFrameworksBuildPhase;
			buildActionMask = 2147483647;
			files = (
				481F0A752BE52CE7002A8605 /* Alamofire in Frameworks */,
				481F0A772BE52CE7002A8605 /* AlamofireDynamic in Frameworks */,
			);
			runOnlyForDeploymentPostprocessing = 0;
		};
/* End PBXFrameworksBuildPhase section */

/* Begin PBXGroup section */
		481F0A532BE52A9C002A8605 = {
			isa = PBXGroup;
			children = (
				481F0A5E2BE52A9C002A8605 /* DataFetchOptimised */,
				481F0A5D2BE52A9C002A8605 /* Products */,
			);
			sourceTree = "<group>";
		};
		481F0A5D2BE52A9C002A8605 /* Products */ = {
			isa = PBXGroup;
			children = (
				481F0A5C2BE52A9C002A8605 /* DataFetchOptimised.app */,
			);
			name = Products;
			sourceTree = "<group>";
		};
		481F0A5E2BE52A9C002A8605 /* DataFetchOptimised */ = {
			isa = PBXGroup;
			children = (
				481F0A5F2BE52A9C002A8605 /* AppDelegate.swift */,
				481F0A612BE52A9C002A8605 /* SceneDelegate.swift */,
				481F0A632BE52A9C002A8605 /* ViewController.swift */,
				481F0A782BE52D64002A8605 /* NetworkManager.swift */,
				48FF7C992BE613B400EB4558 /* PostObjectElement.swift */,
				481F0A652BE52A9C002A8605 /* Main.storyboard */,
				48FF7C9B2BE69E1600EB4558 /* DetailsViewController.swift */,
				481F0A682BE52A9E002A8605 /* Assets.xcassets */,
				481F0A6A2BE52A9E002A8605 /* LaunchScreen.storyboard */,
				481F0A6D2BE52A9E002A8605 /* Info.plist */,
			);
			path = DataFetchOptimised;
			sourceTree = "<group>";
		};
/* End PBXGroup section */

/* Begin PBXNativeTarget section */
		481F0A5B2BE52A9C002A8605 /* DataFetchOptimised */ = {
			isa = PBXNativeTarget;
			buildConfigurationList = 481F0A702BE52A9E002A8605 /* Build configuration list for PBXNativeTarget "DataFetchOptimised" */;
			buildPhases = (
				481F0A582BE52A9C002A8605 /* Sources */,
				481F0A592BE52A9C002A8605 /* Frameworks */,
				481F0A5A2BE52A9C002A8605 /* Resources */,
			);
			buildRules = (
			);
			dependencies = (
			);
			name = DataFetchOptimised;
			packageProductDependencies = (
				481F0A742BE52CE7002A8605 /* Alamofire */,
				481F0A762BE52CE7002A8605 /* AlamofireDynamic */,
			);
			productName = DataFetchOptimised;
			productReference = 481F0A5C2BE52A9C002A8605 /* DataFetchOptimised.app */;
			productType = "com.apple.product-type.application";
		};
/* End PBXNativeTarget section */

/* Begin PBXProject section */
		481F0A542BE52A9C002A8605 /* Project object */ = {
			isa = PBXProject;
			attributes = {
				BuildIndependentTargetsInParallel = 1;
				LastSwiftUpdateCheck = 1530;
				LastUpgradeCheck = 1530;
				TargetAttributes = {
					481F0A5B2BE52A9C002A8605 = {
						CreatedOnToolsVersion = 15.3;
					};
				};
			};
			buildConfigurationList = 481F0A572BE52A9C002A8605 /* Build configuration list for PBXProject "DataFetchOptimised" */;
			compatibilityVersion = "Xcode 14.0";
			developmentRegion = en;
			hasScannedForEncodings = 0;
			knownRegions = (
				en,
				Base,
			);
			mainGroup = 481F0A532BE52A9C002A8605;
			packageReferences = (
				481F0A732BE52CE7002A8605 /* XCRemoteSwiftPackageReference "Alamofire" */,
			);
			productRefGroup = 481F0A5D2BE52A9C002A8605 /* Products */;
			projectDirPath = "";
			projectRoot = "";
			targets = (
				481F0A5B2BE52A9C002A8605 /* DataFetchOptimised */,
			);
		};
/* End PBXProject section */

/* Begin PBXResourcesBuildPhase section */
		481F0A5A2BE52A9C002A8605 /* Resources */ = {
			isa = PBXResourcesBuildPhase;
			buildActionMask = 2147483647;
			files = (
				481F0A692BE52A9E002A8605 /* Assets.xcassets in Resources */,
				481F0A6C2BE52A9E002A8605 /* Base in Resources */,
				481F0A672BE52A9C002A8605 /* Base in Resources */,
			);
			runOnlyForDeploymentPostprocessing = 0;
		};
/* End PBXResourcesBuildPhase section */

/* Begin PBXSourcesBuildPhase section */
		481F0A582BE52A9C002A8605 /* Sources */ = {
			isa = PBXSourcesBuildPhase;
			buildActionMask = 2147483647;
			files = (
				481F0A792BE52D64002A8605 /* NetworkManager.swift in Sources */,
				481F0A642BE52A9C002A8605 /* ViewController.swift in Sources */,
				48FF7C9A2BE613B500EB4558 /* PostObjectElement.swift in Sources */,
				481F0A602BE52A9C002A8605 /* AppDelegate.swift in Sources */,
				481F0A622BE52A9C002A8605 /* SceneDelegate.swift in Sources */,
				48FF7C9C2BE69E1600EB4558 /* DetailsViewController.swift in Sources */,
			);
			runOnlyForDeploymentPostprocessing = 0;
		};
/* End PBXSourcesBuildPhase section */

/* Begin PBXVariantGroup section */
		481F0A652BE52A9C002A8605 /* Main.storyboard */ = {
			isa = PBXVariantGroup;
			children = (
				481F0A662BE52A9C002A8605 /* Base */,
			);
			name = Main.storyboard;
			sourceTree = "<group>";
		};
		481F0A6A2BE52A9E002A8605 /* LaunchScreen.storyboard */ = {
			isa = PBXVariantGroup;
			children = (
				481F0A6B2BE52A9E002A8605 /* Base */,
			);
			name = LaunchScreen.storyboard;
			sourceTree = "<group>";
		};
/* End PBXVariantGroup section */

/* Begin XCBuildConfiguration section */
		481F0A6E2BE52A9E002A8605 /* Debug */ = {
			isa = XCBuildConfiguration;
			buildSettings = {
				ALWAYS_SEARCH_USER_PATHS = NO;
				ASSETCATALOG_COMPILER_GENERATE_SWIFT_ASSET_SYMBOL_EXTENSIONS = YES;
				CLANG_ANALYZER_NONNULL = YES;
				CLANG_ANALYZER_NUMBER_OBJECT_CONVERSION = YES_AGGRESSIVE;
				CLANG_CXX_LANGUAGE_STANDARD = "gnu++20";
				CLANG_ENABLE_MODULES = YES;
				CLANG_ENABLE_OBJC_ARC = YES;
				CLANG_ENABLE_OBJC_WEAK = YES;
				CLANG_WARN_BLOCK_CAPTURE_AUTORELEASING = YES;
				CLANG_WARN_BOOL_CONVERSION = YES;
				CLANG_WARN_COMMA = YES;
				CLANG_WARN_CONSTANT_CONVERSION = YES;
				CLANG_WARN_DEPRECATED_OBJC_IMPLEMENTATIONS = YES;
				CLANG_WARN_DIRECT_OBJC_ISA_USAGE = YES_ERROR;
				CLANG_WARN_DOCUMENTATION_COMMENTS = YES;
				CLANG_WARN_EMPTY_BODY = YES;
				CLANG_WARN_ENUM_CONVERSION = YES;
				CLANG_WARN_INFINITE_RECURSION = YES;
				CLANG_WARN_INT_CONVERSION = YES;
				CLANG_WARN_NON_LITERAL_NULL_CONVERSION = YES;
				CLANG_WARN_OBJC_IMPLICIT_RETAIN_SELF = YES;
				CLANG_WARN_OBJC_LITERAL_CONVERSION = YES;
				CLANG_WARN_OBJC_ROOT_CLASS = YES_ERROR;
				CLANG_WARN_QUOTED_INCLUDE_IN_FRAMEWORK_HEADER = YES;
				CLANG_WARN_RANGE_LOOP_ANALYSIS = YES;
				CLANG_WARN_STRICT_PROTOTYPES = YES;
				CLANG_WARN_SUSPICIOUS_MOVE = YES;
				CLANG_WARN_UNGUARDED_AVAILABILITY = YES_AGGRESSIVE;
				CLANG_WARN_UNREACHABLE_CODE = YES;
				CLANG_WARN__DUPLICATE_METHOD_MATCH = YES;
				COPY_PHASE_STRIP = NO;
				DEBUG_INFORMATION_FORMAT = dwarf;
				ENABLE_STRICT_OBJC_MSGSEND = YES;
				ENABLE_TESTABILITY = YES;
				ENABLE_USER_SCRIPT_SANDBOXING = YES;
				GCC_C_LANGUAGE_STANDARD = gnu17;
				GCC_DYNAMIC_NO_PIC = NO;
				GCC_NO_COMMON_BLOCKS = YES;
				GCC_OPTIMIZATION_LEVEL = 0;
				GCC_PREPROCESSOR_DEFINITIONS = (
					"DEBUG=1",
					"$(inherited)",
				);
				GCC_WARN_64_TO_32_BIT_CONVERSION = YES;
				GCC_WARN_ABOUT_RETURN_TYPE = YES_ERROR;
				GCC_WARN_UNDECLARED_SELECTOR = YES;
				GCC_WARN_UNINITIALIZED_AUTOS = YES_AGGRESSIVE;
				GCC_WARN_UNUSED_FUNCTION = YES;
				GCC_WARN_UNUSED_VARIABLE = YES;
				IPHONEOS_DEPLOYMENT_TARGET = 17.4;
				LOCALIZATION_PREFERS_STRING_CATALOGS = YES;
				MTL_ENABLE_DEBUG_INFO = INCLUDE_SOURCE;
				MTL_FAST_MATH = YES;
				ONLY_ACTIVE_ARCH = YES;
				SDKROOT = iphoneos;
				SWIFT_ACTIVE_COMPILATION_CONDITIONS = "DEBUG $(inherited)";
				SWIFT_OPTIMIZATION_LEVEL = "-Onone";
			};
			name = Debug;
		};
		481F0A6F2BE52A9E002A8605 /* Release */ = {
			isa = XCBuildConfiguration;
			buildSettings = {
				ALWAYS_SEARCH_USER_PATHS = NO;
				ASSETCATALOG_COMPILER_GENERATE_SWIFT_ASSET_SYMBOL_EXTENSIONS = YES;
				CLANG_ANALYZER_NONNULL = YES;
				CLANG_ANALYZER_NUMBER_OBJECT_CONVERSION = YES_AGGRESSIVE;
				CLANG_CXX_LANGUAGE_STANDARD = "gnu++20";
				CLANG_ENABLE_MODULES = YES;
				CLANG_ENABLE_OBJC_ARC = YES;
				CLANG_ENABLE_OBJC_WEAK = YES;
				CLANG_WARN_BLOCK_CAPTURE_AUTORELEASING = YES;
				CLANG_WARN_BOOL_CONVERSION = YES;
				CLANG_WARN_COMMA = YES;
				CLANG_WARN_CONSTANT_CONVERSION = YES;
				CLANG_WARN_DEPRECATED_OBJC_IMPLEMENTATIONS = YES;
				CLANG_WARN_DIRECT_OBJC_ISA_USAGE = YES_ERROR;
				CLANG_WARN_DOCUMENTATION_COMMENTS = YES;
				CLANG_WARN_EMPTY_BODY = YES;
				CLANG_WARN_ENUM_CONVERSION = YES;
				CLANG_WARN_INFINITE_RECURSION = YES;
				CLANG_WARN_INT_CONVERSION = YES;
				CLANG_WARN_NON_LITERAL_NULL_CONVERSION = YES;
				CLANG_WARN_OBJC_IMPLICIT_RETAIN_SELF = YES;
				CLANG_WARN_OBJC_LITERAL_CONVERSION = YES;
				CLANG_WARN_OBJC_ROOT_CLASS = YES_ERROR;
				CLANG_WARN_QUOTED_INCLUDE_IN_FRAMEWORK_HEADER = YES;
				CLANG_WARN_RANGE_LOOP_ANALYSIS = YES;
				CLANG_WARN_STRICT_PROTOTYPES = YES;
				CLANG_WARN_SUSPICIOUS_MOVE = YES;
				CLANG_WARN_UNGUARDED_AVAILABILITY = YES_AGGRESSIVE;
				CLANG_WARN_UNREACHABLE_CODE = YES;
				CLANG_WARN__DUPLICATE_METHOD_MATCH = YES;
				COPY_PHASE_STRIP = NO;
				DEBUG_INFORMATION_FORMAT = "dwarf-with-dsym";
				ENABLE_NS_ASSERTIONS = NO;
				ENABLE_STRICT_OBJC_MSGSEND = YES;
				ENABLE_USER_SCRIPT_SANDBOXING = YES;
				GCC_C_LANGUAGE_STANDARD = gnu17;
				GCC_NO_COMMON_BLOCKS = YES;
				GCC_WARN_64_TO_32_BIT_CONVERSION = YES;
				GCC_WARN_ABOUT_RETURN_TYPE = YES_ERROR;
				GCC_WARN_UNDECLARED_SELECTOR = YES;
				GCC_WARN_UNINITIALIZED_AUTOS = YES_AGGRESSIVE;
				GCC_WARN_UNUSED_FUNCTION = YES;
				GCC_WARN_UNUSED_VARIABLE = YES;
				IPHONEOS_DEPLOYMENT_TARGET = 17.4;
				LOCALIZATION_PREFERS_STRING_CATALOGS = YES;
				MTL_ENABLE_DEBUG_INFO = NO;
				MTL_FAST_MATH = YES;
				SDKROOT = iphoneos;
				SWIFT_COMPILATION_MODE = wholemodule;
				VALIDATE_PRODUCT = YES;
			};
			name = Release;
		};
		481F0A712BE52A9E002A8605 /* Debug */ = {
			isa = XCBuildConfiguration;
			buildSettings = {
				ASSETCATALOG_COMPILER_APPICON_NAME = AppIcon;
				ASSETCATALOG_COMPILER_GLOBAL_ACCENT_COLOR_NAME = AccentColor;
				CODE_SIGN_STYLE = Automatic;
				CURRENT_PROJECT_VERSION = 1;
				DEVELOPMENT_TEAM = FH9Z6Z966H;
				GENERATE_INFOPLIST_FILE = YES;
				INFOPLIST_FILE = DataFetchOptimised/Info.plist;
				INFOPLIST_KEY_CFBundleDisplayName = "Data Fetch";
				INFOPLIST_KEY_LSApplicationCategoryType = "public.app-category.education";
				INFOPLIST_KEY_UIApplicationSupportsIndirectInputEvents = YES;
				INFOPLIST_KEY_UILaunchStoryboardName = LaunchScreen;
				INFOPLIST_KEY_UIMainStoryboardFile = Main;
				INFOPLIST_KEY_UISupportedInterfaceOrientations_iPad = "UIInterfaceOrientationPortrait UIInterfaceOrientationPortraitUpsideDown UIInterfaceOrientationLandscapeLeft UIInterfaceOrientationLandscapeRight";
				INFOPLIST_KEY_UISupportedInterfaceOrientations_iPhone = "UIInterfaceOrientationPortrait UIInterfaceOrientationLandscapeLeft UIInterfaceOrientationLandscapeRight";
				LD_RUNPATH_SEARCH_PATHS = (
					"$(inherited)",
					"@executable_path/Frameworks",
				);
				MARKETING_VERSION = 1.0;
				PRODUCT_BUNDLE_IDENTIFIER = in.co.aalok.DataFetchOptimised;
				PRODUCT_NAME = "$(TARGET_NAME)";
				SWIFT_EMIT_LOC_STRINGS = YES;
				SWIFT_VERSION = 5.0;
				TARGETED_DEVICE_FAMILY = "1,2";
			};
			name = Debug;
		};
		481F0A722BE52A9E002A8605 /* Release */ = {
			isa = XCBuildConfiguration;
			buildSettings = {
				ASSETCATALOG_COMPILER_APPICON_NAME = AppIcon;
				ASSETCATALOG_COMPILER_GLOBAL_ACCENT_COLOR_NAME = AccentColor;
				CODE_SIGN_STYLE = Automatic;
				CURRENT_PROJECT_VERSION = 1;
				DEVELOPMENT_TEAM = FH9Z6Z966H;
				GENERATE_INFOPLIST_FILE = YES;
				INFOPLIST_FILE = DataFetchOptimised/Info.plist;
				INFOPLIST_KEY_CFBundleDisplayName = "Data Fetch";
				INFOPLIST_KEY_LSApplicationCategoryType = "public.app-category.education";
				INFOPLIST_KEY_UIApplicationSupportsIndirectInputEvents = YES;
				INFOPLIST_KEY_UILaunchStoryboardName = LaunchScreen;
				INFOPLIST_KEY_UIMainStoryboardFile = Main;
				INFOPLIST_KEY_UISupportedInterfaceOrientations_iPad = "UIInterfaceOrientationPortrait UIInterfaceOrientationPortraitUpsideDown UIInterfaceOrientationLandscapeLeft UIInterfaceOrientationLandscapeRight";
				INFOPLIST_KEY_UISupportedInterfaceOrientations_iPhone = "UIInterfaceOrientationPortrait UIInterfaceOrientationLandscapeLeft UIInterfaceOrientationLandscapeRight";
				LD_RUNPATH_SEARCH_PATHS = (
					"$(inherited)",
					"@executable_path/Frameworks",
				);
				MARKETING_VERSION = 1.0;
				PRODUCT_BUNDLE_IDENTIFIER = in.co.aalok.DataFetchOptimised;
				PRODUCT_NAME = "$(TARGET_NAME)";
				SWIFT_EMIT_LOC_STRINGS = YES;
				SWIFT_VERSION = 5.0;
				TARGETED_DEVICE_FAMILY = "1,2";
			};
			name = Release;
		};
/* End XCBuildConfiguration section */

/* Begin XCConfigurationList section */
		481F0A572BE52A9C002A8605 /* Build configuration list for PBXProject "DataFetchOptimised" */ = {
			isa = XCConfigurationList;
			buildConfigurations = (
				481F0A6E2BE52A9E002A8605 /* Debug */,
				481F0A6F2BE52A9E002A8605 /* Release */,
			);
			defaultConfigurationIsVisible = 0;
			defaultConfigurationName = Release;
		};
		481F0A702BE52A9E002A8605 /* Build configuration list for PBXNativeTarget "DataFetchOptimised" */ = {
			isa = XCConfigurationList;
			buildConfigurations = (
				481F0A712BE52A9E002A8605 /* Debug */,
				481F0A722BE52A9E002A8605 /* Release */,
			);
			defaultConfigurationIsVisible = 0;
			defaultConfigurationName = Release;
		};
/* End XCConfigurationList section */

/* Begin XCRemoteSwiftPackageReference section */
		481F0A732BE52CE7002A8605 /* XCRemoteSwiftPackageReference "Alamofire" */ = {
			isa = XCRemoteSwiftPackageReference;
			repositoryURL = "https://github.com/Alamofire/Alamofire.git";
			requirement = {
				kind = upToNextMajorVersion;
				minimumVersion = 5.9.1;
			};
		};
/* End XCRemoteSwiftPackageReference section */

/* Begin XCSwiftPackageProductDependency section */
		481F0A742BE52CE7002A8605 /* Alamofire */ = {
			isa = XCSwiftPackageProductDependency;
			package = 481F0A732BE52CE7002A8605 /* XCRemoteSwiftPackageReference "Alamofire" */;
			productName = Alamofire;
		};
		481F0A762BE52CE7002A8605 /* AlamofireDynamic */ = {
			isa = XCSwiftPackageProductDependency;
			package = 481F0A732BE52CE7002A8605 /* XCRemoteSwiftPackageReference "Alamofire" */;
			productName = AlamofireDynamic;
		};
/* End XCSwiftPackageProductDependency section */
	};
	rootObject = 481F0A542BE52A9C002A8605 /* Project object */;
}
